
Microsoft Visual Studio Solution File, Format Version 12.00
# Visual Studio 15
VisualStudioVersion = 15.0.28307.1000
MinimumVisualStudioVersion = 10.0.40219.1
Project("{8BC9CEB8-8B4A-11D0-8D11-00A0C91BC942}") = "ZTE_code", "ZTE_code\ZTE_code.vcxproj", "{70523422-7824-4487-A8DC-CB4ADD1198EB}"
EndProject
Global
	GlobalSection(SolutionConfigurationPlatforms) = preSolution
		Debug|x64 = Debug|x64
		Debug|x86 = Debug|x86
		Release|x64 = Release|x64
		Release|x86 = Release|x86
	EndGlobalSection
	GlobalSection(ProjectConfigurationPlatforms) = postSolution
		{70523422-7824-4487-A8DC-CB4ADD1198EB}.Debug|x64.ActiveCfg = Debug|x64
		{70523422-7824-4487-A8DC-CB4ADD1198EB}.Debug|x64.Build.0 = Debug|x64
		{70523422-7824-4487-A8DC-CB4ADD1198EB}.Debug|x86.ActiveCfg = Debug|Win32
		{70523422-7824-4487-A8DC-CB4ADD1198EB}.Debug|x86.Build.0 = Debug|Win32
		{70523422-7824-4487-A8DC-CB4ADD1198EB}.Release|x64.ActiveCfg = Release|x64
		{70523422-7824-4487-A8DC-CB4ADD1198EB}.Release|x64.Build.0 = Release|x64
		{70523422-7824-4487-A8DC-CB4ADD1198EB}.Release|x86.ActiveCfg = Release|Win32
		{70523422-7824-4487-A8DC-CB4ADD1198EB}.Release|x86.Build.0 = Release|Win32
	EndGlobalSection
	GlobalSection(SolutionProperties) = preSolution
		HideSolutionNode = FALSE
	EndGlobalSection
	GlobalSection(ExtensibilityGlobals) = postSolution
		SolutionGuid = {3D788722-C4BC-4E22-A8B1-F6D85EE793FC}
	EndGlobalSection
EndGlobal
